
Microsoft Visual Studio Solution File, Format Version 12.00
# Visual Studio Version 16
VisualStudioVersion = 25.0.1705.3
MinimumVisualStudioVersion = 10.0.40219.1
Project("{FAE04EC0-301F-11D3-BF4B-00C04F79EFBC}") = "NoteTaker", "NoteTaker\NoteTaker.csproj", "{153BAC48-68FA-43A6-8332-0EDC0F42AD95}"
EndProject
Global
	GlobalSection(SolutionConfigurationPlatforms) = preSolution
		Debug|Any CPU = Debug|Any CPU
		Release|Any CPU = Release|Any CPU
	EndGlobalSection
	GlobalSection(ProjectConfigurationPlatforms) = postSolution
		{153BAC48-68FA-43A6-8332-0EDC0F42AD95}.Debug|Any CPU.ActiveCfg = Debug|Any CPU
		{153BAC48-68FA-43A6-8332-0EDC0F42AD95}.Debug|Any CPU.Build.0 = Debug|Any CPU
		{153BAC48-68FA-43A6-8332-0EDC0F42AD95}.Release|Any CPU.ActiveCfg = Release|Any CPU
		{153BAC48-68FA-43A6-8332-0EDC0F42AD95}.Release|Any CPU.Build.0 = Release|Any CPU
	EndGlobalSection
	GlobalSection(SolutionProperties) = preSolution
		HideSolutionNode = FALSE
	EndGlobalSection
	GlobalSection(ExtensibilityGlobals) = postSolution
		SolutionGuid = {A6574564-91E6-4D3D-9ABD-9BC87D5F036F}
	EndGlobalSection
EndGlobal
